
Microsoft Visual Studio Solution File, Format Version 12.00
# Visual Studio Version 17
VisualStudioVersion = 17.4.33122.133
MinimumVisualStudioVersion = 10.0.40219.1
Project("{FAE04EC0-301F-11D3-BF4B-00C04F79EFBC}") = "Sum", "Sum.csproj", "{EE3D01B3-03B1-4C27-A5F2-850C1F6A2A79}"
EndProject
Global
	GlobalSection(SolutionConfigurationPlatforms) = preSolution
		Debug|Any CPU = Debug|Any CPU
		Release|Any CPU = Release|Any CPU
	EndGlobalSection
	GlobalSection(ProjectConfigurationPlatforms) = postSolution
		{EE3D01B3-03B1-4C27-A5F2-850C1F6A2A79}.Debug|Any CPU.ActiveCfg = Debug|Any CPU
		{EE3D01B3-03B1-4C27-A5F2-850C1F6A2A79}.Debug|Any CPU.Build.0 = Debug|Any CPU
		{EE3D01B3-03B1-4C27-A5F2-850C1F6A2A79}.Release|Any CPU.ActiveCfg = Release|Any CPU
		{EE3D01B3-03B1-4C27-A5F2-850C1F6A2A79}.Release|Any CPU.Build.0 = Release|Any CPU
	EndGlobalSection
	GlobalSection(SolutionProperties) = preSolution
		HideSolutionNode = FALSE
	EndGlobalSection
	GlobalSection(ExtensibilityGlobals) = postSolution
		SolutionGuid = {0CD2A5FD-71A4-40E4-98BB-780A275301B1}
	EndGlobalSection
EndGlobal
